
Microsoft Visual Studio Solution File, Format Version 12.00
# Visual Studio Version 16
VisualStudioVersion = 16.0.31729.503
MinimumVisualStudioVersion = 10.0.40219.1
Project("{FAE04EC0-301F-11D3-BF4B-00C04F79EFBC}") = "LearnGrpc.Server", "LearnGrpc.Server\LearnGrpc.Server.csproj", "{331F310D-968B-42B1-BA55-AEAE8C0C367F}"
EndProject
Global
	GlobalSection(SolutionConfigurationPlatforms) = preSolution
		Debug|Any CPU = Debug|Any CPU
		Release|Any CPU = Release|Any CPU
	EndGlobalSection
	GlobalSection(ProjectConfigurationPlatforms) = postSolution
		{331F310D-968B-42B1-BA55-AEAE8C0C367F}.Debug|Any CPU.ActiveCfg = Debug|Any CPU
		{331F310D-968B-42B1-BA55-AEAE8C0C367F}.Debug|Any CPU.Build.0 = Debug|Any CPU
		{331F310D-968B-42B1-BA55-AEAE8C0C367F}.Release|Any CPU.ActiveCfg = Release|Any CPU
		{331F310D-968B-42B1-BA55-AEAE8C0C367F}.Release|Any CPU.Build.0 = Release|Any CPU
	EndGlobalSection
	GlobalSection(SolutionProperties) = preSolution
		HideSolutionNode = FALSE
	EndGlobalSection
	GlobalSection(ExtensibilityGlobals) = postSolution
		SolutionGuid = {E4D946C3-2E3A-48D5-AD7D-55C5B9A6D84B}
	EndGlobalSection
EndGlobal
